// !$*UTF8*$!
{
	archiveVersion = 1;
	classes = {
	};
	objectVersion = 56;
	objects = {

/* Begin PBXBuildFile section */
		BD3D7E852C200C70007D8BAA /* PullUpRecord.swift in Sources */ = {isa = PBXBuildFile; fileRef = BD3D7E842C200C70007D8BAA /* PullUpRecord.swift */; };
		BD3D7E872C205295007D8BAA /* MainView.swift in Sources */ = {isa = PBXBuildFile; fileRef = BD3D7E862C205295007D8BAA /* MainView.swift */; };
		BD3D7E892C2057A2007D8BAA /* ActivityView.swift in Sources */ = {isa = PBXBuildFile; fileRef = BD3D7E882C2057A2007D8BAA /* ActivityView.swift */; };
		BD3D7E942C208281007D8BAA /* StretchPro.otf in Resources */ = {isa = PBXBuildFile; fileRef = BD3D7E932C208281007D8BAA /* StretchPro.otf */; };
		BDEC97E12C1ECACC00D37F28 /* PullUpperApp.swift in Sources */ = {isa = PBXBuildFile; fileRef = BDEC97E02C1ECACC00D37F28 /* PullUpperApp.swift */; };
		BDEC97E52C1ECACC00D37F28 /* Assets.xcassets in Resources */ = {isa = PBXBuildFile; fileRef = BDEC97E42C1ECACC00D37F28 /* Assets.xcassets */; };
		BDEC97E82C1ECACC00D37F28 /* Preview Assets.xcassets in Resources */ = {isa = PBXBuildFile; fileRef = BDEC97E72C1ECACC00D37F28 /* Preview Assets.xcassets */; };
		E3021F852C2067EE00017D1C /* PullUpCountView.swift in Sources */ = {isa = PBXBuildFile; fileRef = E3021F842C2067EE00017D1C /* PullUpCountView.swift */; };
		E31150382C210FCD00191A11 /* whiteHalfTone.png in Resources */ = {isa = PBXBuildFile; fileRef = E31150372C210FCD00191A11 /* whiteHalfTone.png */; };
/* End PBXBuildFile section */

/* Begin PBXFileReference section */
		BD3D7E842C200C70007D8BAA /* PullUpRecord.swift */ = {isa = PBXFileReference; lastKnownFileType = sourcecode.swift; path = PullUpRecord.swift; sourceTree = "<group>"; };
		BD3D7E862C205295007D8BAA /* MainView.swift */ = {isa = PBXFileReference; lastKnownFileType = sourcecode.swift; path = MainView.swift; sourceTree = "<group>"; };
		BD3D7E882C2057A2007D8BAA /* ActivityView.swift */ = {isa = PBXFileReference; lastKnownFileType = sourcecode.swift; path = ActivityView.swift; sourceTree = "<group>"; };
		BD3D7E922C207C52007D8BAA /* Info.plist */ = {isa = PBXFileReference; lastKnownFileType = text.plist; path = Info.plist; sourceTree = "<group>"; };
		BD3D7E932C208281007D8BAA /* StretchPro.otf */ = {isa = PBXFileReference; lastKnownFileType = file; path = StretchPro.otf; sourceTree = "<group>"; };
		BDEC97DD2C1ECACC00D37F28 /* PullUpper.app */ = {isa = PBXFileReference; explicitFileType = wrapper.application; includeInIndex = 0; path = PullUpper.app; sourceTree = BUILT_PRODUCTS_DIR; };
		BDEC97E02C1ECACC00D37F28 /* PullUpperApp.swift */ = {isa = PBXFileReference; lastKnownFileType = sourcecode.swift; path = PullUpperApp.swift; sourceTree = "<group>"; };
		BDEC97E42C1ECACC00D37F28 /* Assets.xcassets */ = {isa = PBXFileReference; lastKnownFileType = folder.assetcatalog; path = Assets.xcassets; sourceTree = "<group>"; };
		BDEC97E72C1ECACC00D37F28 /* Preview Assets.xcassets */ = {isa = PBXFileReference; lastKnownFileType = folder.assetcatalog; path = "Preview Assets.xcassets"; sourceTree = "<group>"; };
		E3021F842C2067EE00017D1C /* PullUpCountView.swift */ = {isa = PBXFileReference; lastKnownFileType = sourcecode.swift; path = PullUpCountView.swift; sourceTree = "<group>"; };
		E31150372C210FCD00191A11 /* whiteHalfTone.png */ = {isa = PBXFileReference; lastKnownFileType = image.png; path = whiteHalfTone.png; sourceTree = "<group>"; };
/* End PBXFileReference section */

/* Begin PBXFrameworksBuildPhase section */
		BDEC97DA2C1ECACC00D37F28 /* Frameworks */ = {
			isa = PBXFrameworksBuildPhase;
			buildActionMask = 2147483647;
			files = (
			);
			runOnlyForDeploymentPostprocessing = 0;
		};
/* End PBXFrameworksBuildPhase section */

/* Begin PBXGroup section */
		BD3D7E822C1FD6CA007D8BAA /* Model */ = {
			isa = PBXGroup;
			children = (
				BD3D7E842C200C70007D8BAA /* PullUpRecord.swift */,
			);
			path = Model;
			sourceTree = "<group>";
		};
		BD3D7E832C1FD6D1007D8BAA /* View */ = {
			isa = PBXGroup;
			children = (
				E3021F842C2067EE00017D1C /* PullUpCountView.swift */,
				BD3D7E862C205295007D8BAA /* MainView.swift */,
				BD3D7E882C2057A2007D8BAA /* ActivityView.swift */,
			);
			path = View;
			sourceTree = "<group>";
		};
		BD3D7E8F2C207C06007D8BAA /* Fonts */ = {
			isa = PBXGroup;
			children = (
				BD3D7E932C208281007D8BAA /* StretchPro.otf */,
			);
			path = Fonts;
			sourceTree = "<group>";
		};
		BDEC97D42C1ECACC00D37F28 = {
			isa = PBXGroup;
			children = (
				BDEC97DF2C1ECACC00D37F28 /* PullUpper */,
				BDEC97DE2C1ECACC00D37F28 /* Products */,
			);
			sourceTree = "<group>";
		};
		BDEC97DE2C1ECACC00D37F28 /* Products */ = {
			isa = PBXGroup;
			children = (
				BDEC97DD2C1ECACC00D37F28 /* PullUpper.app */,
			);
			name = Products;
			sourceTree = "<group>";
		};
		BDEC97DF2C1ECACC00D37F28 /* PullUpper */ = {
			isa = PBXGroup;
			children = (
				BD3D7E922C207C52007D8BAA /* Info.plist */,
				BDEC97E02C1ECACC00D37F28 /* PullUpperApp.swift */,
				BD3D7E832C1FD6D1007D8BAA /* View */,
				BD3D7E822C1FD6CA007D8BAA /* Model */,
				BDEC97E42C1ECACC00D37F28 /* Assets.xcassets */,
				E31150372C210FCD00191A11 /* whiteHalfTone.png */,
				BD3D7E8F2C207C06007D8BAA /* Fonts */,
				BDEC97E62C1ECACC00D37F28 /* Preview Content */,
			);
			path = PullUpper;
			sourceTree = "<group>";
		};
		BDEC97E62C1ECACC00D37F28 /* Preview Content */ = {
			isa = PBXGroup;
			children = (
				BDEC97E72C1ECACC00D37F28 /* Preview Assets.xcassets */,
			);
			path = "Preview Content";
			sourceTree = "<group>";
		};
/* End PBXGroup section */

/* Begin PBXNativeTarget section */
		BDEC97DC2C1ECACC00D37F28 /* PullUpper */ = {
			isa = PBXNativeTarget;
			buildConfigurationList = BDEC97EB2C1ECACC00D37F28 /* Build configuration list for PBXNativeTarget "PullUpper" */;
			buildPhases = (
				BDEC97D92C1ECACC00D37F28 /* Sources */,
				BDEC97DA2C1ECACC00D37F28 /* Frameworks */,
				BDEC97DB2C1ECACC00D37F28 /* Resources */,
			);
			buildRules = (
			);
			dependencies = (
			);
			name = PullUpper;
			productName = PullUpper;
			productReference = BDEC97DD2C1ECACC00D37F28 /* PullUpper.app */;
			productType = "com.apple.product-type.application";
		};
/* End PBXNativeTarget section */

/* Begin PBXProject section */
		BDEC97D52C1ECACC00D37F28 /* Project object */ = {
			isa = PBXProject;
			attributes = {
				BuildIndependentTargetsInParallel = 1;
				LastSwiftUpdateCheck = 1540;
				LastUpgradeCheck = 1540;
				TargetAttributes = {
					BDEC97DC2C1ECACC00D37F28 = {
						CreatedOnToolsVersion = 15.4;
					};
				};
			};
			buildConfigurationList = BDEC97D82C1ECACC00D37F28 /* Build configuration list for PBXProject "PullUpper" */;
			compatibilityVersion = "Xcode 14.0";
			developmentRegion = en;
			hasScannedForEncodings = 0;
			knownRegions = (
				en,
				Base,
			);
			mainGroup = BDEC97D42C1ECACC00D37F28;
			productRefGroup = BDEC97DE2C1ECACC00D37F28 /* Products */;
			projectDirPath = "";
			projectRoot = "";
			targets = (
				BDEC97DC2C1ECACC00D37F28 /* PullUpper */,
			);
		};
/* End PBXProject section */

/* Begin PBXResourcesBuildPhase section */
		BDEC97DB2C1ECACC00D37F28 /* Resources */ = {
			isa = PBXResourcesBuildPhase;
			buildActionMask = 2147483647;
			files = (
				E31150382C210FCD00191A11 /* whiteHalfTone.png in Resources */,
				BDEC97E82C1ECACC00D37F28 /* Preview Assets.xcassets in Resources */,
				BDEC97E52C1ECACC00D37F28 /* Assets.xcassets in Resources */,
				BD3D7E942C208281007D8BAA /* StretchPro.otf in Resources */,
			);
			runOnlyForDeploymentPostprocessing = 0;
		};
/* End PBXResourcesBuildPhase section */

/* Begin PBXSourcesBuildPhase section */
		BDEC97D92C1ECACC00D37F28 /* Sources */ = {
			isa = PBXSourcesBuildPhase;
			buildActionMask = 2147483647;
			files = (
				BD3D7E872C205295007D8BAA /* MainView.swift in Sources */,
				BD3D7E892C2057A2007D8BAA /* ActivityView.swift in Sources */,
				BDEC97E12C1ECACC00D37F28 /* PullUpperApp.swift in Sources */,
				E3021F852C2067EE00017D1C /* PullUpCountView.swift in Sources */,
				BD3D7E852C200C70007D8BAA /* PullUpRecord.swift in Sources */,
			);
			runOnlyForDeploymentPostprocessing = 0;
		};
/* End PBXSourcesBuildPhase section */

/* Begin XCBuildConfiguration section */
		BDEC97E92C1ECACC00D37F28 /* Debug */ = {
			isa = XCBuildConfiguration;
			buildSettings = {
				ALWAYS_SEARCH_USER_PATHS = NO;
				ASSETCATALOG_COMPILER_GENERATE_SWIFT_ASSET_SYMBOL_EXTENSIONS = YES;
				CLANG_ANALYZER_NONNULL = YES;
				CLANG_ANALYZER_NUMBER_OBJECT_CONVERSION = YES_AGGRESSIVE;
				CLANG_CXX_LANGUAGE_STANDARD = "gnu++20";
				CLANG_ENABLE_MODULES = YES;
				CLANG_ENABLE_OBJC_ARC = YES;
				CLANG_ENABLE_OBJC_WEAK = YES;
				CLANG_WARN_BLOCK_CAPTURE_AUTORELEASING = YES;
				CLANG_WARN_BOOL_CONVERSION = YES;
				CLANG_WARN_COMMA = YES;
				CLANG_WARN_CONSTANT_CONVERSION = YES;
				CLANG_WARN_DEPRECATED_OBJC_IMPLEMENTATIONS = YES;
				CLANG_WARN_DIRECT_OBJC_ISA_USAGE = YES_ERROR;
				CLANG_WARN_DOCUMENTATION_COMMENTS = YES;
				CLANG_WARN_EMPTY_BODY = YES;
				CLANG_WARN_ENUM_CONVERSION = YES;
				CLANG_WARN_INFINITE_RECURSION = YES;
				CLANG_WARN_INT_CONVERSION = YES;
				CLANG_WARN_NON_LITERAL_NULL_CONVERSION = YES;
				CLANG_WARN_OBJC_IMPLICIT_RETAIN_SELF = YES;
				CLANG_WARN_OBJC_LITERAL_CONVERSION = YES;
				CLANG_WARN_OBJC_ROOT_CLASS = YES_ERROR;
				CLANG_WARN_QUOTED_INCLUDE_IN_FRAMEWORK_HEADER = YES;
				CLANG_WARN_RANGE_LOOP_ANALYSIS = YES;
				CLANG_WARN_STRICT_PROTOTYPES = YES;
				CLANG_WARN_SUSPICIOUS_MOVE = YES;
				CLANG_WARN_UNGUARDED_AVAILABILITY = YES_AGGRESSIVE;
				CLANG_WARN_UNREACHABLE_CODE = YES;
				CLANG_WARN__DUPLICATE_METHOD_MATCH = YES;
				COPY_PHASE_STRIP = NO;
				DEBUG_INFORMATION_FORMAT = dwarf;
				ENABLE_STRICT_OBJC_MSGSEND = YES;
				ENABLE_TESTABILITY = YES;
				ENABLE_USER_SCRIPT_SANDBOXING = YES;
				GCC_C_LANGUAGE_STANDARD = gnu17;
				GCC_DYNAMIC_NO_PIC = NO;
				GCC_NO_COMMON_BLOCKS = YES;
				GCC_OPTIMIZATION_LEVEL = 0;
				GCC_PREPROCESSOR_DEFINITIONS = (
					"DEBUG=1",
					"$(inherited)",
				);
				GCC_WARN_64_TO_32_BIT_CONVERSION = YES;
				GCC_WARN_ABOUT_RETURN_TYPE = YES_ERROR;
				GCC_WARN_UNDECLARED_SELECTOR = YES;
				GCC_WARN_UNINITIALIZED_AUTOS = YES_AGGRESSIVE;
				GCC_WARN_UNUSED_FUNCTION = YES;
				GCC_WARN_UNUSED_VARIABLE = YES;
				IPHONEOS_DEPLOYMENT_TARGET = 17.5;
				LOCALIZATION_PREFERS_STRING_CATALOGS = YES;
				MTL_ENABLE_DEBUG_INFO = INCLUDE_SOURCE;
				MTL_FAST_MATH = YES;
				ONLY_ACTIVE_ARCH = YES;
				SDKROOT = iphoneos;
				SWIFT_ACTIVE_COMPILATION_CONDITIONS = "DEBUG $(inherited)";
				SWIFT_OPTIMIZATION_LEVEL = "-Onone";
			};
			name = Debug;
		};
		BDEC97EA2C1ECACC00D37F28 /* Release */ = {
			isa = XCBuildConfiguration;
			buildSettings = {
				ALWAYS_SEARCH_USER_PATHS = NO;
				ASSETCATALOG_COMPILER_GENERATE_SWIFT_ASSET_SYMBOL_EXTENSIONS = YES;
				CLANG_ANALYZER_NONNULL = YES;
				CLANG_ANALYZER_NUMBER_OBJECT_CONVERSION = YES_AGGRESSIVE;
				CLANG_CXX_LANGUAGE_STANDARD = "gnu++20";
				CLANG_ENABLE_MODULES = YES;
				CLANG_ENABLE_OBJC_ARC = YES;
				CLANG_ENABLE_OBJC_WEAK = YES;
				CLANG_WARN_BLOCK_CAPTURE_AUTORELEASING = YES;
				CLANG_WARN_BOOL_CONVERSION = YES;
				CLANG_WARN_COMMA = YES;
				CLANG_WARN_CONSTANT_CONVERSION = YES;
				CLANG_WARN_DEPRECATED_OBJC_IMPLEMENTATIONS = YES;
				CLANG_WARN_DIRECT_OBJC_ISA_USAGE = YES_ERROR;
				CLANG_WARN_DOCUMENTATION_COMMENTS = YES;
				CLANG_WARN_EMPTY_BODY = YES;
				CLANG_WARN_ENUM_CONVERSION = YES;
				CLANG_WARN_INFINITE_RECURSION = YES;
				CLANG_WARN_INT_CONVERSION = YES;
				CLANG_WARN_NON_LITERAL_NULL_CONVERSION = YES;
				CLANG_WARN_OBJC_IMPLICIT_RETAIN_SELF = YES;
				CLANG_WARN_OBJC_LITERAL_CONVERSION = YES;
				CLANG_WARN_OBJC_ROOT_CLASS = YES_ERROR;
				CLANG_WARN_QUOTED_INCLUDE_IN_FRAMEWORK_HEADER = YES;
				CLANG_WARN_RANGE_LOOP_ANALYSIS = YES;
				CLANG_WARN_STRICT_PROTOTYPES = YES;
				CLANG_WARN_SUSPICIOUS_MOVE = YES;
				CLANG_WARN_UNGUARDED_AVAILABILITY = YES_AGGRESSIVE;
				CLANG_WARN_UNREACHABLE_CODE = YES;
				CLANG_WARN__DUPLICATE_METHOD_MATCH = YES;
				COPY_PHASE_STRIP = NO;
				DEBUG_INFORMATION_FORMAT = "dwarf-with-dsym";
				ENABLE_NS_ASSERTIONS = NO;
				ENABLE_STRICT_OBJC_MSGSEND = YES;
				ENABLE_USER_SCRIPT_SANDBOXING = YES;
				GCC_C_LANGUAGE_STANDARD = gnu17;
				GCC_NO_COMMON_BLOCKS = YES;
				GCC_WARN_64_TO_32_BIT_CONVERSION = YES;
				GCC_WARN_ABOUT_RETURN_TYPE = YES_ERROR;
				GCC_WARN_UNDECLARED_SELECTOR = YES;
				GCC_WARN_UNINITIALIZED_AUTOS = YES_AGGRESSIVE;
				GCC_WARN_UNUSED_FUNCTION = YES;
				GCC_WARN_UNUSED_VARIABLE = YES;
				IPHONEOS_DEPLOYMENT_TARGET = 17.5;
				LOCALIZATION_PREFERS_STRING_CATALOGS = YES;
				MTL_ENABLE_DEBUG_INFO = NO;
				MTL_FAST_MATH = YES;
				SDKROOT = iphoneos;
				SWIFT_COMPILATION_MODE = wholemodule;
				VALIDATE_PRODUCT = YES;
			};
			name = Release;
		};
		BDEC97EC2C1ECACC00D37F28 /* Debug */ = {
			isa = XCBuildConfiguration;
			buildSettings = {
				ASSETCATALOG_COMPILER_APPICON_NAME = AppIcon;
				ASSETCATALOG_COMPILER_GLOBAL_ACCENT_COLOR_NAME = AccentColor;
				CODE_SIGN_STYLE = Automatic;
				CURRENT_PROJECT_VERSION = 1;
				DEVELOPMENT_ASSET_PATHS = "\"PullUpper/Preview Content\"";
				DEVELOPMENT_TEAM = AZ7B294WMJ;
				ENABLE_PREVIEWS = YES;
				GENERATE_INFOPLIST_FILE = YES;
				INFOPLIST_FILE = PullUpper/Info.plist;
				INFOPLIST_KEY_UIApplicationSceneManifest_Generation = YES;
				INFOPLIST_KEY_UIApplicationSupportsIndirectInputEvents = YES;
				INFOPLIST_KEY_UILaunchScreen_Generation = YES;
				INFOPLIST_KEY_UISupportedInterfaceOrientations_iPad = "UIInterfaceOrientationPortrait UIInterfaceOrientationPortraitUpsideDown UIInterfaceOrientationLandscapeLeft UIInterfaceOrientationLandscapeRight";
				INFOPLIST_KEY_UISupportedInterfaceOrientations_iPhone = "UIInterfaceOrientationPortrait UIInterfaceOrientationLandscapeLeft UIInterfaceOrientationLandscapeRight";
				INFOPLIST_KEY_UIUserInterfaceStyle = Light;
				IPHONEOS_DEPLOYMENT_TARGET = 17.3;
				LD_RUNPATH_SEARCH_PATHS = (
					"$(inherited)",
					"@executable_path/Frameworks",
				);
				MARKETING_VERSION = 1.0;
				PRODUCT_BUNDLE_IDENTIFIER = com.hsy.PullUpper;
				PRODUCT_NAME = "$(TARGET_NAME)";
				SWIFT_EMIT_LOC_STRINGS = YES;
				SWIFT_VERSION = 5.0;
				TARGETED_DEVICE_FAMILY = "1,2";
			};
			name = Debug;
		};
		BDEC97ED2C1ECACC00D37F28 /* Release */ = {
			isa = XCBuildConfiguration;
			buildSettings = {
				ASSETCATALOG_COMPILER_APPICON_NAME = AppIcon;
				ASSETCATALOG_COMPILER_GLOBAL_ACCENT_COLOR_NAME = AccentColor;
				CODE_SIGN_STYLE = Automatic;
				CURRENT_PROJECT_VERSION = 1;
				DEVELOPMENT_ASSET_PATHS = "\"PullUpper/Preview Content\"";
				DEVELOPMENT_TEAM = AZ7B294WMJ;
				ENABLE_PREVIEWS = YES;
				GENERATE_INFOPLIST_FILE = YES;
				INFOPLIST_FILE = PullUpper/Info.plist;
				INFOPLIST_KEY_UIApplicationSceneManifest_Generation = YES;
				INFOPLIST_KEY_UIApplicationSupportsIndirectInputEvents = YES;
				INFOPLIST_KEY_UILaunchScreen_Generation = YES;
				INFOPLIST_KEY_UISupportedInterfaceOrientations_iPad = "UIInterfaceOrientationPortrait UIInterfaceOrientationPortraitUpsideDown UIInterfaceOrientationLandscapeLeft UIInterfaceOrientationLandscapeRight";
				INFOPLIST_KEY_UISupportedInterfaceOrientations_iPhone = "UIInterfaceOrientationPortrait UIInterfaceOrientationLandscapeLeft UIInterfaceOrientationLandscapeRight";
				INFOPLIST_KEY_UIUserInterfaceStyle = Light;
				IPHONEOS_DEPLOYMENT_TARGET = 17.3;
				LD_RUNPATH_SEARCH_PATHS = (
					"$(inherited)",
					"@executable_path/Frameworks",
				);
				MARKETING_VERSION = 1.0;
				PRODUCT_BUNDLE_IDENTIFIER = com.hsy.PullUpper;
				PRODUCT_NAME = "$(TARGET_NAME)";
				SWIFT_EMIT_LOC_STRINGS = YES;
				SWIFT_VERSION = 5.0;
				TARGETED_DEVICE_FAMILY = "1,2";
			};
			name = Release;
		};
/* End XCBuildConfiguration section */

/* Begin XCConfigurationList section */
		BDEC97D82C1ECACC00D37F28 /* Build configuration list for PBXProject "PullUpper" */ = {
			isa = XCConfigurationList;
			buildConfigurations = (
				BDEC97E92C1ECACC00D37F28 /* Debug */,
				BDEC97EA2C1ECACC00D37F28 /* Release */,
			);
			defaultConfigurationIsVisible = 0;
			defaultConfigurationName = Release;
		};
		BDEC97EB2C1ECACC00D37F28 /* Build configuration list for PBXNativeTarget "PullUpper" */ = {
			isa = XCConfigurationList;
			buildConfigurations = (
				BDEC97EC2C1ECACC00D37F28 /* Debug */,
				BDEC97ED2C1ECACC00D37F28 /* Release */,
			);
			defaultConfigurationIsVisible = 0;
			defaultConfigurationName = Release;
		};
/* End XCConfigurationList section */
	};
	rootObject = BDEC97D52C1ECACC00D37F28 /* Project object */;
}
